
Microsoft Visual Studio Solution File, Format Version 12.00
# Visual Studio Version 16
VisualStudioVersion = 16.0.31424.327
MinimumVisualStudioVersion = 10.0.40219.1
Project("{FAE04EC0-301F-11D3-BF4B-00C04F79EFBC}") = "WebAppEstamparia", "WebAppEstamparia\WebAppEstamparia.csproj", "{5AF45A86-A801-4A1B-AE25-6DFD7DE9A6B5}"
EndProject
Global
	GlobalSection(SolutionConfigurationPlatforms) = preSolution
		Debug|Any CPU = Debug|Any CPU
		Release|Any CPU = Release|Any CPU
	EndGlobalSection
	GlobalSection(ProjectConfigurationPlatforms) = postSolution
		{5AF45A86-A801-4A1B-AE25-6DFD7DE9A6B5}.Debug|Any CPU.ActiveCfg = Debug|Any CPU
		{5AF45A86-A801-4A1B-AE25-6DFD7DE9A6B5}.Debug|Any CPU.Build.0 = Debug|Any CPU
		{5AF45A86-A801-4A1B-AE25-6DFD7DE9A6B5}.Release|Any CPU.ActiveCfg = Release|Any CPU
		{5AF45A86-A801-4A1B-AE25-6DFD7DE9A6B5}.Release|Any CPU.Build.0 = Release|Any CPU
	EndGlobalSection
	GlobalSection(SolutionProperties) = preSolution
		HideSolutionNode = FALSE
	EndGlobalSection
	GlobalSection(ExtensibilityGlobals) = postSolution
		SolutionGuid = {87B9B972-6579-4103-8170-BB5C5F264EB2}
	EndGlobalSection
EndGlobal
